
Microsoft Visual Studio Solution File, Format Version 12.00
# Visual Studio 2015
Project("{FAE04EC0-301F-11D3-BF4B-00C04F79EFBC}") = "antManVR.CSharp.Plugins", "antManVR.CSharp.Plugins.csproj", "{141A08B2-C019-970A-1457-78B382D9D115}"
EndProject
Project("{FAE04EC0-301F-11D3-BF4B-00C04F79EFBC}") = "antManVR.CSharp", "antManVR.CSharp.csproj", "{ED8C498C-AF70-2D73-B503-04D89CC5EE55}"
EndProject
Project("{FAE04EC0-301F-11D3-BF4B-00C04F79EFBC}") = "antManVR.CSharp.Editor", "antManVR.CSharp.Editor.csproj", "{AAF94C01-1452-BF88-19CD-0A2144ADE7BD}"
EndProject
Global
	GlobalSection(SolutionConfigurationPlatforms) = preSolution
		Debug|Any CPU = Debug|Any CPU
		Release|Any CPU = Release|Any CPU
	EndGlobalSection
	GlobalSection(ProjectConfigurationPlatforms) = postSolution
		{141A08B2-C019-970A-1457-78B382D9D115}.Debug|Any CPU.ActiveCfg = Debug|Any CPU
		{141A08B2-C019-970A-1457-78B382D9D115}.Debug|Any CPU.Build.0 = Debug|Any CPU
		{141A08B2-C019-970A-1457-78B382D9D115}.Release|Any CPU.ActiveCfg = Release|Any CPU
		{141A08B2-C019-970A-1457-78B382D9D115}.Release|Any CPU.Build.0 = Release|Any CPU
		{ED8C498C-AF70-2D73-B503-04D89CC5EE55}.Debug|Any CPU.ActiveCfg = Debug|Any CPU
		{ED8C498C-AF70-2D73-B503-04D89CC5EE55}.Debug|Any CPU.Build.0 = Debug|Any CPU
		{ED8C498C-AF70-2D73-B503-04D89CC5EE55}.Release|Any CPU.ActiveCfg = Release|Any CPU
		{ED8C498C-AF70-2D73-B503-04D89CC5EE55}.Release|Any CPU.Build.0 = Release|Any CPU
		{AAF94C01-1452-BF88-19CD-0A2144ADE7BD}.Debug|Any CPU.ActiveCfg = Debug|Any CPU
		{AAF94C01-1452-BF88-19CD-0A2144ADE7BD}.Debug|Any CPU.Build.0 = Debug|Any CPU
		{AAF94C01-1452-BF88-19CD-0A2144ADE7BD}.Release|Any CPU.ActiveCfg = Release|Any CPU
		{AAF94C01-1452-BF88-19CD-0A2144ADE7BD}.Release|Any CPU.Build.0 = Release|Any CPU
	EndGlobalSection
	GlobalSection(SolutionProperties) = preSolution
		HideSolutionNode = FALSE
	EndGlobalSection
EndGlobal
